
Microsoft Visual Studio Solution File, Format Version 12.00
# Visual Studio Version 16
VisualStudioVersion = 16.0.28803.202
MinimumVisualStudioVersion = 10.0.40219.1
Project("{2150E333-8FDC-42A3-9474-1A3956D46DE8}") = "Source", "Source", "{02E8172B-C859-4C7A-A287-0F8D3134CD67}"
EndProject
Project("{2150E333-8FDC-42A3-9474-1A3956D46DE8}") = "Demos", "Demos", "{876BEA48-FDF6-4F7D-8C37-61829F9E8F82}"
EndProject
Project("{9A19103F-16F7-4668-BE54-9A1E7A4F7556}") = "MapboxNetCore", "Source\MapboxNetCore\MapboxNetCore.csproj", "{BD5D0EE5-C789-4C9C-880D-795193F28444}"
EndProject
Project("{9A19103F-16F7-4668-BE54-9A1E7A4F7556}") = "MapboxNetWPF", "Source\MapboxNetWPF\MapboxNetWPF.csproj", "{FCA4B88A-0BF9-4225-B5CC-FF42644B884F}"
EndProject
Project("{9A19103F-16F7-4668-BE54-9A1E7A4F7556}") = "WPF_Demo", "Demos\WPF_Demo\WPF_Demo.csproj", "{68992B2A-CBA2-4B8D-818B-680295E2C5FD}"
EndProject
Global
	GlobalSection(SolutionConfigurationPlatforms) = preSolution
		Debug|Any CPU = Debug|Any CPU
		Debug|x64 = Debug|x64
		Debug|x86 = Debug|x86
		Release|Any CPU = Release|Any CPU
		Release|x64 = Release|x64
		Release|x86 = Release|x86
	EndGlobalSection
	GlobalSection(ProjectConfigurationPlatforms) = postSolution
		{BD5D0EE5-C789-4C9C-880D-795193F28444}.Debug|Any CPU.ActiveCfg = Debug|x86
		{BD5D0EE5-C789-4C9C-880D-795193F28444}.Debug|x64.ActiveCfg = Debug|x64
		{BD5D0EE5-C789-4C9C-880D-795193F28444}.Debug|x64.Build.0 = Debug|x64
		{BD5D0EE5-C789-4C9C-880D-795193F28444}.Debug|x86.ActiveCfg = Debug|x86
		{BD5D0EE5-C789-4C9C-880D-795193F28444}.Debug|x86.Build.0 = Debug|x86
		{BD5D0EE5-C789-4C9C-880D-795193F28444}.Release|Any CPU.ActiveCfg = Release|x86
		{BD5D0EE5-C789-4C9C-880D-795193F28444}.Release|x64.ActiveCfg = Release|x64
		{BD5D0EE5-C789-4C9C-880D-795193F28444}.Release|x64.Build.0 = Release|x64
		{BD5D0EE5-C789-4C9C-880D-795193F28444}.Release|x86.ActiveCfg = Release|x86
		{BD5D0EE5-C789-4C9C-880D-795193F28444}.Release|x86.Build.0 = Release|x86
		{FCA4B88A-0BF9-4225-B5CC-FF42644B884F}.Debug|Any CPU.ActiveCfg = Debug|x86
		{FCA4B88A-0BF9-4225-B5CC-FF42644B884F}.Debug|x64.ActiveCfg = Debug|x64
		{FCA4B88A-0BF9-4225-B5CC-FF42644B884F}.Debug|x64.Build.0 = Debug|x64
		{FCA4B88A-0BF9-4225-B5CC-FF42644B884F}.Debug|x86.ActiveCfg = Debug|x86
		{FCA4B88A-0BF9-4225-B5CC-FF42644B884F}.Debug|x86.Build.0 = Debug|x86
		{FCA4B88A-0BF9-4225-B5CC-FF42644B884F}.Release|Any CPU.ActiveCfg = Release|x86
		{FCA4B88A-0BF9-4225-B5CC-FF42644B884F}.Release|x64.ActiveCfg = Release|x64
		{FCA4B88A-0BF9-4225-B5CC-FF42644B884F}.Release|x64.Build.0 = Release|x64
		{FCA4B88A-0BF9-4225-B5CC-FF42644B884F}.Release|x86.ActiveCfg = Release|x86
		{FCA4B88A-0BF9-4225-B5CC-FF42644B884F}.Release|x86.Build.0 = Release|x86
		{68992B2A-CBA2-4B8D-818B-680295E2C5FD}.Debug|Any CPU.ActiveCfg = Debug|x86
		{68992B2A-CBA2-4B8D-818B-680295E2C5FD}.Debug|x64.ActiveCfg = Debug|x64
		{68992B2A-CBA2-4B8D-818B-680295E2C5FD}.Debug|x64.Build.0 = Debug|x64
		{68992B2A-CBA2-4B8D-818B-680295E2C5FD}.Debug|x86.ActiveCfg = Debug|x86
		{68992B2A-CBA2-4B8D-818B-680295E2C5FD}.Debug|x86.Build.0 = Debug|x86
		{68992B2A-CBA2-4B8D-818B-680295E2C5FD}.Release|Any CPU.ActiveCfg = Release|x86
		{68992B2A-CBA2-4B8D-818B-680295E2C5FD}.Release|x64.ActiveCfg = Release|x64
		{68992B2A-CBA2-4B8D-818B-680295E2C5FD}.Release|x64.Build.0 = Release|x64
		{68992B2A-CBA2-4B8D-818B-680295E2C5FD}.Release|x86.ActiveCfg = Release|x86
		{68992B2A-CBA2-4B8D-818B-680295E2C5FD}.Release|x86.Build.0 = Release|x86
	EndGlobalSection
	GlobalSection(SolutionProperties) = preSolution
		HideSolutionNode = FALSE
	EndGlobalSection
	GlobalSection(NestedProjects) = preSolution
		{BD5D0EE5-C789-4C9C-880D-795193F28444} = {02E8172B-C859-4C7A-A287-0F8D3134CD67}
		{FCA4B88A-0BF9-4225-B5CC-FF42644B884F} = {02E8172B-C859-4C7A-A287-0F8D3134CD67}
		{68992B2A-CBA2-4B8D-818B-680295E2C5FD} = {876BEA48-FDF6-4F7D-8C37-61829F9E8F82}
	EndGlobalSection
	GlobalSection(ExtensibilityGlobals) = postSolution
		SolutionGuid = {19FB4130-D033-404B-897A-ADF52282780C}
	EndGlobalSection
EndGlobal
